
Microsoft Visual Studio Solution File, Format Version 12.00
# Visual Studio 15
VisualStudioVersion = 15.0.28307.106
MinimumVisualStudioVersion = 10.0.40219.1
Project("{9A19103F-16F7-4668-BE54-9A1E7A4F7556}") = "NvnBlazor.Server", "NvnBlazor.Server\NvnBlazor.Server.csproj", "{3CEFCF70-FDC3-410C-AB1B-830AD0B56C90}"
EndProject
Project("{9A19103F-16F7-4668-BE54-9A1E7A4F7556}") = "NvnBlazor.App", "NvnBlazor.App\NvnBlazor.App.csproj", "{2E39306D-D921-4A79-BD2A-CCEC0186C1FE}"
EndProject
Global
	GlobalSection(SolutionConfigurationPlatforms) = preSolution
		Debug|Any CPU = Debug|Any CPU
		Release|Any CPU = Release|Any CPU
	EndGlobalSection
	GlobalSection(ProjectConfigurationPlatforms) = postSolution
		{3CEFCF70-FDC3-410C-AB1B-830AD0B56C90}.Debug|Any CPU.ActiveCfg = Debug|Any CPU
		{3CEFCF70-FDC3-410C-AB1B-830AD0B56C90}.Debug|Any CPU.Build.0 = Debug|Any CPU
		{3CEFCF70-FDC3-410C-AB1B-830AD0B56C90}.Release|Any CPU.ActiveCfg = Release|Any CPU
		{3CEFCF70-FDC3-410C-AB1B-830AD0B56C90}.Release|Any CPU.Build.0 = Release|Any CPU
		{2E39306D-D921-4A79-BD2A-CCEC0186C1FE}.Debug|Any CPU.ActiveCfg = Debug|Any CPU
		{2E39306D-D921-4A79-BD2A-CCEC0186C1FE}.Debug|Any CPU.Build.0 = Debug|Any CPU
		{2E39306D-D921-4A79-BD2A-CCEC0186C1FE}.Release|Any CPU.ActiveCfg = Release|Any CPU
		{2E39306D-D921-4A79-BD2A-CCEC0186C1FE}.Release|Any CPU.Build.0 = Release|Any CPU
	EndGlobalSection
	GlobalSection(SolutionProperties) = preSolution
		HideSolutionNode = FALSE
	EndGlobalSection
	GlobalSection(ExtensibilityGlobals) = postSolution
		SolutionGuid = {0E103959-413E-41BB-8961-29DDB0789F6D}
	EndGlobalSection
EndGlobal
